
Microsoft Visual Studio Solution File, Format Version 12.00
# Visual Studio Version 17
VisualStudioVersion = 17.9.34622.214
MinimumVisualStudioVersion = 10.0.40219.1
Project("{8BC9CEB8-8B4A-11D0-8D11-00A0C91BC942}") = "WinUI3XamlPreview", "WinUI3XamlPreview\WinUI3XamlPreview.vcxproj", "{9DAF64AE-E801-49F0-9820-BA8F8D037093}"
EndProject
Project("{8BC9CEB8-8B4A-11D0-8D11-00A0C91BC942}") = "TestDep", "TestDep\TestDep.vcxproj", "{A4C036F2-EAB5-4447-BA06-64D6C3E1AFF1}"
EndProject
Project("{8BC9CEB8-8B4A-11D0-8D11-00A0C91BC942}") = "TestNuget", "TestNuget\TestNuget.vcxproj", "{D732F8C9-C578-493A-AD12-99235412EB3D}"
EndProject
Project("{8BC9CEB8-8B4A-11D0-8D11-00A0C91BC942}") = "TestPackaged", "TestPackaged\TestPackaged.vcxproj", "{3EFC6AD6-6189-4B32-8ABC-6926BC82A65E}"
EndProject
Project("{9A19103F-16F7-4668-BE54-9A1E7A4F7556}") = "TestPackagedCs", "TestPackagedCs\TestPackagedCs.csproj", "{CE853703-DD5F-460B-8D06-ED9DA4795423}"
EndProject
Project("{9A19103F-16F7-4668-BE54-9A1E7A4F7556}") = "WinUI3XamlPreviewCs", "WinUI3XamlPreviewCs\WinUI3XamlPreviewCs.csproj", "{FB3E9B3C-8352-4419-8946-AAB8C5E0D784}"
EndProject
Project("{8BC9CEB8-8B4A-11D0-8D11-00A0C91BC942}") = "TestNonPackaged", "TestNonPackaged\TestNonPackaged.vcxproj", "{20E315F8-5269-4F54-A0A3-596ADDAFE21E}"
EndProject
Project("{9A19103F-16F7-4668-BE54-9A1E7A4F7556}") = "TestNonPackagedCs", "TestNonPackagedCs\TestNonPackagedCs.csproj", "{80338CC5-DAD1-4C65-B8E8-9ECC4474FE10}"
EndProject
Project("{8BC9CEB8-8B4A-11D0-8D11-00A0C91BC942}") = "WinUI3XamlPreview.DllLoader", "WinUI3XamlPreview.DllLoader\WinUI3XamlPreview.DllLoader.vcxproj", "{A5B149B5-3236-4F9E-8755-857EBC4BE4D4}"
EndProject
Project("{8BC9CEB8-8B4A-11D0-8D11-00A0C91BC942}") = "TestDepOfDep", "TestDepOfDep\TestDepOfDep.vcxproj", "{B0B1B030-754A-40B7-A311-C96BAC9352DC}"
EndProject
Project("{8BC9CEB8-8B4A-11D0-8D11-00A0C91BC942}") = "TestNonWinRTDep", "TestNonWinRTDep\TestNonWinRTDep.vcxproj", "{139F0229-1C0E-432E-9928-D8589E7FA87C}"
EndProject
Project("{9A19103F-16F7-4668-BE54-9A1E7A4F7556}") = "TestDepCs", "TestDepCs\TestDepCs.csproj", "{E771E66D-4007-4625-85A2-DF946982C47B}"
EndProject
Project("{C7167F0D-BC9F-4E6E-AFE1-012C56B48DB5}") = "TestAppToBePackagedPackage", "TestAppToBePackaged\TestAppToBePackaged (Package)\TestAppToBePackagedPackage.wapproj", "{154BBA0C-91DD-4040-ADE1-188898A17C18}"
EndProject
Project("{8BC9CEB8-8B4A-11D0-8D11-00A0C91BC942}") = "TestAppToBePackaged", "TestAppToBePackaged\TestAppToBePackaged\TestAppToBePackaged.vcxproj", "{8EA2962F-87E7-4D4E-9693-59E9F54A0290}"
EndProject
Project("{8BC9CEB8-8B4A-11D0-8D11-00A0C91BC942}") = "TestDepSampleApp", "TestDepSampleApp\TestDepSampleApp.vcxproj", "{349A4A66-4618-4C96-9CB1-771C01655CE4}"
EndProject
Global
	GlobalSection(SolutionConfigurationPlatforms) = preSolution
		Debug|Any CPU = Debug|Any CPU
		Debug|ARM64 = Debug|ARM64
		Debug|x64 = Debug|x64
		Debug|x86 = Debug|x86
		Release|Any CPU = Release|Any CPU
		Release|ARM64 = Release|ARM64
		Release|x64 = Release|x64
		Release|x86 = Release|x86
	EndGlobalSection
	GlobalSection(ProjectConfigurationPlatforms) = postSolution
		{9DAF64AE-E801-49F0-9820-BA8F8D037093}.Debug|Any CPU.ActiveCfg = Debug|x64
		{9DAF64AE-E801-49F0-9820-BA8F8D037093}.Debug|Any CPU.Build.0 = Debug|x64
		{9DAF64AE-E801-49F0-9820-BA8F8D037093}.Debug|ARM64.ActiveCfg = Debug|ARM64
		{9DAF64AE-E801-49F0-9820-BA8F8D037093}.Debug|ARM64.Build.0 = Debug|ARM64
		{9DAF64AE-E801-49F0-9820-BA8F8D037093}.Debug|ARM64.Deploy.0 = Debug|ARM64
		{9DAF64AE-E801-49F0-9820-BA8F8D037093}.Debug|x64.ActiveCfg = Debug|x64
		{9DAF64AE-E801-49F0-9820-BA8F8D037093}.Debug|x64.Build.0 = Debug|x64
		{9DAF64AE-E801-49F0-9820-BA8F8D037093}.Debug|x64.Deploy.0 = Debug|x64
		{9DAF64AE-E801-49F0-9820-BA8F8D037093}.Debug|x86.ActiveCfg = Debug|Win32
		{9DAF64AE-E801-49F0-9820-BA8F8D037093}.Debug|x86.Build.0 = Debug|Win32
		{9DAF64AE-E801-49F0-9820-BA8F8D037093}.Release|Any CPU.ActiveCfg = Release|x64
		{9DAF64AE-E801-49F0-9820-BA8F8D037093}.Release|Any CPU.Build.0 = Release|x64
		{9DAF64AE-E801-49F0-9820-BA8F8D037093}.Release|ARM64.ActiveCfg = Release|ARM64
		{9DAF64AE-E801-49F0-9820-BA8F8D037093}.Release|ARM64.Build.0 = Release|ARM64
		{9DAF64AE-E801-49F0-9820-BA8F8D037093}.Release|ARM64.Deploy.0 = Release|ARM64
		{9DAF64AE-E801-49F0-9820-BA8F8D037093}.Release|x64.ActiveCfg = Release|x64
		{9DAF64AE-E801-49F0-9820-BA8F8D037093}.Release|x64.Build.0 = Release|x64
		{9DAF64AE-E801-49F0-9820-BA8F8D037093}.Release|x64.Deploy.0 = Release|x64
		{9DAF64AE-E801-49F0-9820-BA8F8D037093}.Release|x86.ActiveCfg = Release|Win32
		{9DAF64AE-E801-49F0-9820-BA8F8D037093}.Release|x86.Build.0 = Release|Win32
		{A4C036F2-EAB5-4447-BA06-64D6C3E1AFF1}.Debug|Any CPU.ActiveCfg = Debug|x64
		{A4C036F2-EAB5-4447-BA06-64D6C3E1AFF1}.Debug|Any CPU.Build.0 = Debug|x64
		{A4C036F2-EAB5-4447-BA06-64D6C3E1AFF1}.Debug|ARM64.ActiveCfg = Debug|ARM64
		{A4C036F2-EAB5-4447-BA06-64D6C3E1AFF1}.Debug|ARM64.Build.0 = Debug|ARM64
		{A4C036F2-EAB5-4447-BA06-64D6C3E1AFF1}.Debug|x64.ActiveCfg = Debug|x64
		{A4C036F2-EAB5-4447-BA06-64D6C3E1AFF1}.Debug|x64.Build.0 = Debug|x64
		{A4C036F2-EAB5-4447-BA06-64D6C3E1AFF1}.Debug|x86.ActiveCfg = Debug|Win32
		{A4C036F2-EAB5-4447-BA06-64D6C3E1AFF1}.Debug|x86.Build.0 = Debug|Win32
		{A4C036F2-EAB5-4447-BA06-64D6C3E1AFF1}.Release|Any CPU.ActiveCfg = Release|x64
		{A4C036F2-EAB5-4447-BA06-64D6C3E1AFF1}.Release|Any CPU.Build.0 = Release|x64
		{A4C036F2-EAB5-4447-BA06-64D6C3E1AFF1}.Release|ARM64.ActiveCfg = Release|ARM64
		{A4C036F2-EAB5-4447-BA06-64D6C3E1AFF1}.Release|ARM64.Build.0 = Release|ARM64
		{A4C036F2-EAB5-4447-BA06-64D6C3E1AFF1}.Release|x64.ActiveCfg = Release|x64
		{A4C036F2-EAB5-4447-BA06-64D6C3E1AFF1}.Release|x64.Build.0 = Release|x64
		{A4C036F2-EAB5-4447-BA06-64D6C3E1AFF1}.Release|x86.ActiveCfg = Release|Win32
		{A4C036F2-EAB5-4447-BA06-64D6C3E1AFF1}.Release|x86.Build.0 = Release|Win32
		{D732F8C9-C578-493A-AD12-99235412EB3D}.Debug|Any CPU.ActiveCfg = Debug|x64
		{D732F8C9-C578-493A-AD12-99235412EB3D}.Debug|Any CPU.Build.0 = Debug|x64
		{D732F8C9-C578-493A-AD12-99235412EB3D}.Debug|Any CPU.Deploy.0 = Debug|x64
		{D732F8C9-C578-493A-AD12-99235412EB3D}.Debug|ARM64.ActiveCfg = Debug|ARM64
		{D732F8C9-C578-493A-AD12-99235412EB3D}.Debug|ARM64.Build.0 = Debug|ARM64
		{D732F8C9-C578-493A-AD12-99235412EB3D}.Debug|ARM64.Deploy.0 = Debug|ARM64
		{D732F8C9-C578-493A-AD12-99235412EB3D}.Debug|x64.ActiveCfg = Debug|x64
		{D732F8C9-C578-493A-AD12-99235412EB3D}.Debug|x64.Build.0 = Debug|x64
		{D732F8C9-C578-493A-AD12-99235412EB3D}.Debug|x64.Deploy.0 = Debug|x64
		{D732F8C9-C578-493A-AD12-99235412EB3D}.Debug|x86.ActiveCfg = Debug|Win32
		{D732F8C9-C578-493A-AD12-99235412EB3D}.Debug|x86.Build.0 = Debug|Win32
		{D732F8C9-C578-493A-AD12-99235412EB3D}.Debug|x86.Deploy.0 = Debug|Win32
		{D732F8C9-C578-493A-AD12-99235412EB3D}.Release|Any CPU.ActiveCfg = Release|x64
		{D732F8C9-C578-493A-AD12-99235412EB3D}.Release|Any CPU.Build.0 = Release|x64
		{D732F8C9-C578-493A-AD12-99235412EB3D}.Release|Any CPU.Deploy.0 = Release|x64
		{D732F8C9-C578-493A-AD12-99235412EB3D}.Release|ARM64.ActiveCfg = Release|ARM64
		{D732F8C9-C578-493A-AD12-99235412EB3D}.Release|ARM64.Build.0 = Release|ARM64
		{D732F8C9-C578-493A-AD12-99235412EB3D}.Release|ARM64.Deploy.0 = Release|ARM64
		{D732F8C9-C578-493A-AD12-99235412EB3D}.Release|x64.ActiveCfg = Release|x64
		{D732F8C9-C578-493A-AD12-99235412EB3D}.Release|x64.Build.0 = Release|x64
		{D732F8C9-C578-493A-AD12-99235412EB3D}.Release|x64.Deploy.0 = Release|x64
		{D732F8C9-C578-493A-AD12-99235412EB3D}.Release|x86.ActiveCfg = Release|Win32
		{D732F8C9-C578-493A-AD12-99235412EB3D}.Release|x86.Build.0 = Release|Win32
		{D732F8C9-C578-493A-AD12-99235412EB3D}.Release|x86.Deploy.0 = Release|Win32
		{3EFC6AD6-6189-4B32-8ABC-6926BC82A65E}.Debug|Any CPU.ActiveCfg = Debug|x64
		{3EFC6AD6-6189-4B32-8ABC-6926BC82A65E}.Debug|Any CPU.Build.0 = Debug|x64
		{3EFC6AD6-6189-4B32-8ABC-6926BC82A65E}.Debug|Any CPU.Deploy.0 = Debug|x64
		{3EFC6AD6-6189-4B32-8ABC-6926BC82A65E}.Debug|ARM64.ActiveCfg = Debug|ARM64
		{3EFC6AD6-6189-4B32-8ABC-6926BC82A65E}.Debug|ARM64.Build.0 = Debug|ARM64
		{3EFC6AD6-6189-4B32-8ABC-6926BC82A65E}.Debug|ARM64.Deploy.0 = Debug|ARM64
		{3EFC6AD6-6189-4B32-8ABC-6926BC82A65E}.Debug|x64.ActiveCfg = Debug|x64
		{3EFC6AD6-6189-4B32-8ABC-6926BC82A65E}.Debug|x64.Build.0 = Debug|x64
		{3EFC6AD6-6189-4B32-8ABC-6926BC82A65E}.Debug|x64.Deploy.0 = Debug|x64
		{3EFC6AD6-6189-4B32-8ABC-6926BC82A65E}.Debug|x86.ActiveCfg = Debug|Win32
		{3EFC6AD6-6189-4B32-8ABC-6926BC82A65E}.Debug|x86.Build.0 = Debug|Win32
		{3EFC6AD6-6189-4B32-8ABC-6926BC82A65E}.Debug|x86.Deploy.0 = Debug|Win32
		{3EFC6AD6-6189-4B32-8ABC-6926BC82A65E}.Release|Any CPU.ActiveCfg = Release|x64
		{3EFC6AD6-6189-4B32-8ABC-6926BC82A65E}.Release|Any CPU.Build.0 = Release|x64
		{3EFC6AD6-6189-4B32-8ABC-6926BC82A65E}.Release|Any CPU.Deploy.0 = Release|x64
		{3EFC6AD6-6189-4B32-8ABC-6926BC82A65E}.Release|ARM64.ActiveCfg = Release|ARM64
		{3EFC6AD6-6189-4B32-8ABC-6926BC82A65E}.Release|ARM64.Build.0 = Release|ARM64
		{3EFC6AD6-6189-4B32-8ABC-6926BC82A65E}.Release|ARM64.Deploy.0 = Release|ARM64
		{3EFC6AD6-6189-4B32-8ABC-6926BC82A65E}.Release|x64.ActiveCfg = Release|x64
		{3EFC6AD6-6189-4B32-8ABC-6926BC82A65E}.Release|x64.Build.0 = Release|x64
		{3EFC6AD6-6189-4B32-8ABC-6926BC82A65E}.Release|x64.Deploy.0 = Release|x64
		{3EFC6AD6-6189-4B32-8ABC-6926BC82A65E}.Release|x86.ActiveCfg = Release|Win32
		{3EFC6AD6-6189-4B32-8ABC-6926BC82A65E}.Release|x86.Build.0 = Release|Win32
		{3EFC6AD6-6189-4B32-8ABC-6926BC82A65E}.Release|x86.Deploy.0 = Release|Win32
		{CE853703-DD5F-460B-8D06-ED9DA4795423}.Debug|Any CPU.ActiveCfg = Debug|x64
		{CE853703-DD5F-460B-8D06-ED9DA4795423}.Debug|Any CPU.Build.0 = Debug|x64
		{CE853703-DD5F-460B-8D06-ED9DA4795423}.Debug|Any CPU.Deploy.0 = Debug|x64
		{CE853703-DD5F-460B-8D06-ED9DA4795423}.Debug|ARM64.ActiveCfg = Debug|ARM64
		{CE853703-DD5F-460B-8D06-ED9DA4795423}.Debug|ARM64.Build.0 = Debug|ARM64
		{CE853703-DD5F-460B-8D06-ED9DA4795423}.Debug|ARM64.Deploy.0 = Debug|ARM64
		{CE853703-DD5F-460B-8D06-ED9DA4795423}.Debug|x64.ActiveCfg = Debug|x64
		{CE853703-DD5F-460B-8D06-ED9DA4795423}.Debug|x64.Build.0 = Debug|x64
		{CE853703-DD5F-460B-8D06-ED9DA4795423}.Debug|x64.Deploy.0 = Debug|x64
		{CE853703-DD5F-460B-8D06-ED9DA4795423}.Debug|x86.ActiveCfg = Debug|x86
		{CE853703-DD5F-460B-8D06-ED9DA4795423}.Debug|x86.Build.0 = Debug|x86
		{CE853703-DD5F-460B-8D06-ED9DA4795423}.Debug|x86.Deploy.0 = Debug|x86
		{CE853703-DD5F-460B-8D06-ED9DA4795423}.Release|Any CPU.ActiveCfg = Release|x64
		{CE853703-DD5F-460B-8D06-ED9DA4795423}.Release|Any CPU.Build.0 = Release|x64
		{CE853703-DD5F-460B-8D06-ED9DA4795423}.Release|Any CPU.Deploy.0 = Release|x64
		{CE853703-DD5F-460B-8D06-ED9DA4795423}.Release|ARM64.ActiveCfg = Release|ARM64
		{CE853703-DD5F-460B-8D06-ED9DA4795423}.Release|ARM64.Build.0 = Release|ARM64
		{CE853703-DD5F-460B-8D06-ED9DA4795423}.Release|ARM64.Deploy.0 = Release|ARM64
		{CE853703-DD5F-460B-8D06-ED9DA4795423}.Release|x64.ActiveCfg = Release|x64
		{CE853703-DD5F-460B-8D06-ED9DA4795423}.Release|x64.Build.0 = Release|x64
		{CE853703-DD5F-460B-8D06-ED9DA4795423}.Release|x64.Deploy.0 = Release|x64
		{CE853703-DD5F-460B-8D06-ED9DA4795423}.Release|x86.ActiveCfg = Release|x86
		{CE853703-DD5F-460B-8D06-ED9DA4795423}.Release|x86.Build.0 = Release|x86
		{CE853703-DD5F-460B-8D06-ED9DA4795423}.Release|x86.Deploy.0 = Release|x86
		{FB3E9B3C-8352-4419-8946-AAB8C5E0D784}.Debug|Any CPU.ActiveCfg = Debug|Any CPU
		{FB3E9B3C-8352-4419-8946-AAB8C5E0D784}.Debug|Any CPU.Build.0 = Debug|Any CPU
		{FB3E9B3C-8352-4419-8946-AAB8C5E0D784}.Debug|ARM64.ActiveCfg = Debug|Any CPU
		{FB3E9B3C-8352-4419-8946-AAB8C5E0D784}.Debug|ARM64.Build.0 = Debug|Any CPU
		{FB3E9B3C-8352-4419-8946-AAB8C5E0D784}.Debug|x64.ActiveCfg = Debug|Any CPU
		{FB3E9B3C-8352-4419-8946-AAB8C5E0D784}.Debug|x64.Build.0 = Debug|Any CPU
		{FB3E9B3C-8352-4419-8946-AAB8C5E0D784}.Debug|x86.ActiveCfg = Debug|Any CPU
		{FB3E9B3C-8352-4419-8946-AAB8C5E0D784}.Debug|x86.Build.0 = Debug|Any CPU
		{FB3E9B3C-8352-4419-8946-AAB8C5E0D784}.Release|Any CPU.ActiveCfg = Release|Any CPU
		{FB3E9B3C-8352-4419-8946-AAB8C5E0D784}.Release|Any CPU.Build.0 = Release|Any CPU
		{FB3E9B3C-8352-4419-8946-AAB8C5E0D784}.Release|ARM64.ActiveCfg = Release|Any CPU
		{FB3E9B3C-8352-4419-8946-AAB8C5E0D784}.Release|ARM64.Build.0 = Release|Any CPU
		{FB3E9B3C-8352-4419-8946-AAB8C5E0D784}.Release|x64.ActiveCfg = Release|Any CPU
		{FB3E9B3C-8352-4419-8946-AAB8C5E0D784}.Release|x64.Build.0 = Release|Any CPU
		{FB3E9B3C-8352-4419-8946-AAB8C5E0D784}.Release|x86.ActiveCfg = Release|Any CPU
		{FB3E9B3C-8352-4419-8946-AAB8C5E0D784}.Release|x86.Build.0 = Release|Any CPU
		{20E315F8-5269-4F54-A0A3-596ADDAFE21E}.Debug|Any CPU.ActiveCfg = Debug|x64
		{20E315F8-5269-4F54-A0A3-596ADDAFE21E}.Debug|Any CPU.Build.0 = Debug|x64
		{20E315F8-5269-4F54-A0A3-596ADDAFE21E}.Debug|ARM64.ActiveCfg = Debug|ARM64
		{20E315F8-5269-4F54-A0A3-596ADDAFE21E}.Debug|ARM64.Build.0 = Debug|ARM64
		{20E315F8-5269-4F54-A0A3-596ADDAFE21E}.Debug|ARM64.Deploy.0 = Debug|ARM64
		{20E315F8-5269-4F54-A0A3-596ADDAFE21E}.Debug|x64.ActiveCfg = Debug|x64
		{20E315F8-5269-4F54-A0A3-596ADDAFE21E}.Debug|x64.Build.0 = Debug|x64
		{20E315F8-5269-4F54-A0A3-596ADDAFE21E}.Debug|x64.Deploy.0 = Debug|x64
		{20E315F8-5269-4F54-A0A3-596ADDAFE21E}.Debug|x86.ActiveCfg = Debug|Win32
		{20E315F8-5269-4F54-A0A3-596ADDAFE21E}.Debug|x86.Build.0 = Debug|Win32
		{20E315F8-5269-4F54-A0A3-596ADDAFE21E}.Release|Any CPU.ActiveCfg = Release|x64
		{20E315F8-5269-4F54-A0A3-596ADDAFE21E}.Release|Any CPU.Build.0 = Release|x64
		{20E315F8-5269-4F54-A0A3-596ADDAFE21E}.Release|ARM64.ActiveCfg = Release|ARM64
		{20E315F8-5269-4F54-A0A3-596ADDAFE21E}.Release|ARM64.Build.0 = Release|ARM64
		{20E315F8-5269-4F54-A0A3-596ADDAFE21E}.Release|ARM64.Deploy.0 = Release|ARM64
		{20E315F8-5269-4F54-A0A3-596ADDAFE21E}.Release|x64.ActiveCfg = Release|x64
		{20E315F8-5269-4F54-A0A3-596ADDAFE21E}.Release|x64.Build.0 = Release|x64
		{20E315F8-5269-4F54-A0A3-596ADDAFE21E}.Release|x64.Deploy.0 = Release|x64
		{20E315F8-5269-4F54-A0A3-596ADDAFE21E}.Release|x86.ActiveCfg = Release|Win32
		{20E315F8-5269-4F54-A0A3-596ADDAFE21E}.Release|x86.Build.0 = Release|Win32
		{80338CC5-DAD1-4C65-B8E8-9ECC4474FE10}.Debug|Any CPU.ActiveCfg = Debug|x64
		{80338CC5-DAD1-4C65-B8E8-9ECC4474FE10}.Debug|Any CPU.Build.0 = Debug|x64
		{80338CC5-DAD1-4C65-B8E8-9ECC4474FE10}.Debug|ARM64.ActiveCfg = Debug|ARM64
		{80338CC5-DAD1-4C65-B8E8-9ECC4474FE10}.Debug|ARM64.Build.0 = Debug|ARM64
		{80338CC5-DAD1-4C65-B8E8-9ECC4474FE10}.Debug|ARM64.Deploy.0 = Debug|ARM64
		{80338CC5-DAD1-4C65-B8E8-9ECC4474FE10}.Debug|x64.ActiveCfg = Debug|x64
		{80338CC5-DAD1-4C65-B8E8-9ECC4474FE10}.Debug|x64.Build.0 = Debug|x64
		{80338CC5-DAD1-4C65-B8E8-9ECC4474FE10}.Debug|x64.Deploy.0 = Debug|x64
		{80338CC5-DAD1-4C65-B8E8-9ECC4474FE10}.Debug|x86.ActiveCfg = Debug|x86
		{80338CC5-DAD1-4C65-B8E8-9ECC4474FE10}.Debug|x86.Build.0 = Debug|x86
		{80338CC5-DAD1-4C65-B8E8-9ECC4474FE10}.Release|Any CPU.ActiveCfg = Release|x64
		{80338CC5-DAD1-4C65-B8E8-9ECC4474FE10}.Release|Any CPU.Build.0 = Release|x64
		{80338CC5-DAD1-4C65-B8E8-9ECC4474FE10}.Release|ARM64.ActiveCfg = Release|ARM64
		{80338CC5-DAD1-4C65-B8E8-9ECC4474FE10}.Release|ARM64.Build.0 = Release|ARM64
		{80338CC5-DAD1-4C65-B8E8-9ECC4474FE10}.Release|ARM64.Deploy.0 = Release|ARM64
		{80338CC5-DAD1-4C65-B8E8-9ECC4474FE10}.Release|x64.ActiveCfg = Release|x64
		{80338CC5-DAD1-4C65-B8E8-9ECC4474FE10}.Release|x64.Build.0 = Release|x64
		{80338CC5-DAD1-4C65-B8E8-9ECC4474FE10}.Release|x64.Deploy.0 = Release|x64
		{80338CC5-DAD1-4C65-B8E8-9ECC4474FE10}.Release|x86.ActiveCfg = Release|x86
		{80338CC5-DAD1-4C65-B8E8-9ECC4474FE10}.Release|x86.Build.0 = Release|x86
		{A5B149B5-3236-4F9E-8755-857EBC4BE4D4}.Debug|Any CPU.ActiveCfg = Debug|x64
		{A5B149B5-3236-4F9E-8755-857EBC4BE4D4}.Debug|Any CPU.Build.0 = Debug|x64
		{A5B149B5-3236-4F9E-8755-857EBC4BE4D4}.Debug|ARM64.ActiveCfg = Debug|ARM64
		{A5B149B5-3236-4F9E-8755-857EBC4BE4D4}.Debug|ARM64.Build.0 = Debug|ARM64
		{A5B149B5-3236-4F9E-8755-857EBC4BE4D4}.Debug|ARM64.Deploy.0 = Debug|ARM64
		{A5B149B5-3236-4F9E-8755-857EBC4BE4D4}.Debug|x64.ActiveCfg = Debug|x64
		{A5B149B5-3236-4F9E-8755-857EBC4BE4D4}.Debug|x64.Build.0 = Debug|x64
		{A5B149B5-3236-4F9E-8755-857EBC4BE4D4}.Debug|x64.Deploy.0 = Debug|x64
		{A5B149B5-3236-4F9E-8755-857EBC4BE4D4}.Debug|x86.ActiveCfg = Debug|Win32
		{A5B149B5-3236-4F9E-8755-857EBC4BE4D4}.Debug|x86.Build.0 = Debug|Win32
		{A5B149B5-3236-4F9E-8755-857EBC4BE4D4}.Release|Any CPU.ActiveCfg = Release|x64
		{A5B149B5-3236-4F9E-8755-857EBC4BE4D4}.Release|Any CPU.Build.0 = Release|x64
		{A5B149B5-3236-4F9E-8755-857EBC4BE4D4}.Release|ARM64.ActiveCfg = Release|ARM64
		{A5B149B5-3236-4F9E-8755-857EBC4BE4D4}.Release|ARM64.Build.0 = Release|ARM64
		{A5B149B5-3236-4F9E-8755-857EBC4BE4D4}.Release|ARM64.Deploy.0 = Release|ARM64
		{A5B149B5-3236-4F9E-8755-857EBC4BE4D4}.Release|x64.ActiveCfg = Release|x64
		{A5B149B5-3236-4F9E-8755-857EBC4BE4D4}.Release|x64.Build.0 = Release|x64
		{A5B149B5-3236-4F9E-8755-857EBC4BE4D4}.Release|x64.Deploy.0 = Release|x64
		{A5B149B5-3236-4F9E-8755-857EBC4BE4D4}.Release|x86.ActiveCfg = Release|Win32
		{A5B149B5-3236-4F9E-8755-857EBC4BE4D4}.Release|x86.Build.0 = Release|Win32
		{B0B1B030-754A-40B7-A311-C96BAC9352DC}.Debug|Any CPU.ActiveCfg = Debug|x64
		{B0B1B030-754A-40B7-A311-C96BAC9352DC}.Debug|Any CPU.Build.0 = Debug|x64
		{B0B1B030-754A-40B7-A311-C96BAC9352DC}.Debug|ARM64.ActiveCfg = Debug|ARM64
		{B0B1B030-754A-40B7-A311-C96BAC9352DC}.Debug|ARM64.Build.0 = Debug|ARM64
		{B0B1B030-754A-40B7-A311-C96BAC9352DC}.Debug|x64.ActiveCfg = Debug|x64
		{B0B1B030-754A-40B7-A311-C96BAC9352DC}.Debug|x64.Build.0 = Debug|x64
		{B0B1B030-754A-40B7-A311-C96BAC9352DC}.Debug|x86.ActiveCfg = Debug|Win32
		{B0B1B030-754A-40B7-A311-C96BAC9352DC}.Debug|x86.Build.0 = Debug|Win32
		{B0B1B030-754A-40B7-A311-C96BAC9352DC}.Release|Any CPU.ActiveCfg = Release|x64
		{B0B1B030-754A-40B7-A311-C96BAC9352DC}.Release|Any CPU.Build.0 = Release|x64
		{B0B1B030-754A-40B7-A311-C96BAC9352DC}.Release|ARM64.ActiveCfg = Release|ARM64
		{B0B1B030-754A-40B7-A311-C96BAC9352DC}.Release|ARM64.Build.0 = Release|ARM64
		{B0B1B030-754A-40B7-A311-C96BAC9352DC}.Release|x64.ActiveCfg = Release|x64
		{B0B1B030-754A-40B7-A311-C96BAC9352DC}.Release|x64.Build.0 = Release|x64
		{B0B1B030-754A-40B7-A311-C96BAC9352DC}.Release|x86.ActiveCfg = Release|Win32
		{B0B1B030-754A-40B7-A311-C96BAC9352DC}.Release|x86.Build.0 = Release|Win32
		{139F0229-1C0E-432E-9928-D8589E7FA87C}.Debug|Any CPU.ActiveCfg = Debug|x64
		{139F0229-1C0E-432E-9928-D8589E7FA87C}.Debug|Any CPU.Build.0 = Debug|x64
		{139F0229-1C0E-432E-9928-D8589E7FA87C}.Debug|ARM64.ActiveCfg = Debug|x64
		{139F0229-1C0E-432E-9928-D8589E7FA87C}.Debug|ARM64.Build.0 = Debug|x64
		{139F0229-1C0E-432E-9928-D8589E7FA87C}.Debug|x64.ActiveCfg = Debug|x64
		{139F0229-1C0E-432E-9928-D8589E7FA87C}.Debug|x64.Build.0 = Debug|x64
		{139F0229-1C0E-432E-9928-D8589E7FA87C}.Debug|x86.ActiveCfg = Debug|Win32
		{139F0229-1C0E-432E-9928-D8589E7FA87C}.Debug|x86.Build.0 = Debug|Win32
		{139F0229-1C0E-432E-9928-D8589E7FA87C}.Release|Any CPU.ActiveCfg = Release|x64
		{139F0229-1C0E-432E-9928-D8589E7FA87C}.Release|Any CPU.Build.0 = Release|x64
		{139F0229-1C0E-432E-9928-D8589E7FA87C}.Release|ARM64.ActiveCfg = Release|x64
		{139F0229-1C0E-432E-9928-D8589E7FA87C}.Release|ARM64.Build.0 = Release|x64
		{139F0229-1C0E-432E-9928-D8589E7FA87C}.Release|x64.ActiveCfg = Release|x64
		{139F0229-1C0E-432E-9928-D8589E7FA87C}.Release|x64.Build.0 = Release|x64
		{139F0229-1C0E-432E-9928-D8589E7FA87C}.Release|x86.ActiveCfg = Release|Win32
		{139F0229-1C0E-432E-9928-D8589E7FA87C}.Release|x86.Build.0 = Release|Win32
		{E771E66D-4007-4625-85A2-DF946982C47B}.Debug|Any CPU.ActiveCfg = Debug|x64
		{E771E66D-4007-4625-85A2-DF946982C47B}.Debug|Any CPU.Build.0 = Debug|x64
		{E771E66D-4007-4625-85A2-DF946982C47B}.Debug|ARM64.ActiveCfg = Debug|x64
		{E771E66D-4007-4625-85A2-DF946982C47B}.Debug|ARM64.Build.0 = Debug|x64
		{E771E66D-4007-4625-85A2-DF946982C47B}.Debug|x64.ActiveCfg = Debug|x64
		{E771E66D-4007-4625-85A2-DF946982C47B}.Debug|x64.Build.0 = Debug|x64
		{E771E66D-4007-4625-85A2-DF946982C47B}.Debug|x86.ActiveCfg = Debug|x64
		{E771E66D-4007-4625-85A2-DF946982C47B}.Debug|x86.Build.0 = Debug|x64
		{E771E66D-4007-4625-85A2-DF946982C47B}.Release|Any CPU.ActiveCfg = Release|x64
		{E771E66D-4007-4625-85A2-DF946982C47B}.Release|Any CPU.Build.0 = Release|x64
		{E771E66D-4007-4625-85A2-DF946982C47B}.Release|ARM64.ActiveCfg = Release|x64
		{E771E66D-4007-4625-85A2-DF946982C47B}.Release|ARM64.Build.0 = Release|x64
		{E771E66D-4007-4625-85A2-DF946982C47B}.Release|x64.ActiveCfg = Release|x64
		{E771E66D-4007-4625-85A2-DF946982C47B}.Release|x64.Build.0 = Release|x64
		{E771E66D-4007-4625-85A2-DF946982C47B}.Release|x86.ActiveCfg = Release|x64
		{E771E66D-4007-4625-85A2-DF946982C47B}.Release|x86.Build.0 = Release|x64
		{154BBA0C-91DD-4040-ADE1-188898A17C18}.Debug|Any CPU.ActiveCfg = Debug|x64
		{154BBA0C-91DD-4040-ADE1-188898A17C18}.Debug|Any CPU.Build.0 = Debug|x64
		{154BBA0C-91DD-4040-ADE1-188898A17C18}.Debug|Any CPU.Deploy.0 = Debug|x64
		{154BBA0C-91DD-4040-ADE1-188898A17C18}.Debug|ARM64.ActiveCfg = Debug|ARM64
		{154BBA0C-91DD-4040-ADE1-188898A17C18}.Debug|ARM64.Build.0 = Debug|ARM64
		{154BBA0C-91DD-4040-ADE1-188898A17C18}.Debug|ARM64.Deploy.0 = Debug|ARM64
		{154BBA0C-91DD-4040-ADE1-188898A17C18}.Debug|x64.ActiveCfg = Debug|x64
		{154BBA0C-91DD-4040-ADE1-188898A17C18}.Debug|x64.Build.0 = Debug|x64
		{154BBA0C-91DD-4040-ADE1-188898A17C18}.Debug|x64.Deploy.0 = Debug|x64
		{154BBA0C-91DD-4040-ADE1-188898A17C18}.Debug|x86.ActiveCfg = Debug|x86
		{154BBA0C-91DD-4040-ADE1-188898A17C18}.Debug|x86.Build.0 = Debug|x86
		{154BBA0C-91DD-4040-ADE1-188898A17C18}.Debug|x86.Deploy.0 = Debug|x86
		{154BBA0C-91DD-4040-ADE1-188898A17C18}.Release|Any CPU.ActiveCfg = Release|x64
		{154BBA0C-91DD-4040-ADE1-188898A17C18}.Release|Any CPU.Build.0 = Release|x64
		{154BBA0C-91DD-4040-ADE1-188898A17C18}.Release|Any CPU.Deploy.0 = Release|x64
		{154BBA0C-91DD-4040-ADE1-188898A17C18}.Release|ARM64.ActiveCfg = Release|ARM64
		{154BBA0C-91DD-4040-ADE1-188898A17C18}.Release|ARM64.Build.0 = Release|ARM64
		{154BBA0C-91DD-4040-ADE1-188898A17C18}.Release|ARM64.Deploy.0 = Release|ARM64
		{154BBA0C-91DD-4040-ADE1-188898A17C18}.Release|x64.ActiveCfg = Release|x64
		{154BBA0C-91DD-4040-ADE1-188898A17C18}.Release|x64.Build.0 = Release|x64
		{154BBA0C-91DD-4040-ADE1-188898A17C18}.Release|x64.Deploy.0 = Release|x64
		{154BBA0C-91DD-4040-ADE1-188898A17C18}.Release|x86.ActiveCfg = Release|x86
		{154BBA0C-91DD-4040-ADE1-188898A17C18}.Release|x86.Build.0 = Release|x86
		{154BBA0C-91DD-4040-ADE1-188898A17C18}.Release|x86.Deploy.0 = Release|x86
		{8EA2962F-87E7-4D4E-9693-59E9F54A0290}.Debug|Any CPU.ActiveCfg = Debug|x64
		{8EA2962F-87E7-4D4E-9693-59E9F54A0290}.Debug|Any CPU.Build.0 = Debug|x64
		{8EA2962F-87E7-4D4E-9693-59E9F54A0290}.Debug|ARM64.ActiveCfg = Debug|ARM64
		{8EA2962F-87E7-4D4E-9693-59E9F54A0290}.Debug|ARM64.Build.0 = Debug|ARM64
		{8EA2962F-87E7-4D4E-9693-59E9F54A0290}.Debug|x64.ActiveCfg = Debug|x64
		{8EA2962F-87E7-4D4E-9693-59E9F54A0290}.Debug|x64.Build.0 = Debug|x64
		{8EA2962F-87E7-4D4E-9693-59E9F54A0290}.Debug|x86.ActiveCfg = Debug|Win32
		{8EA2962F-87E7-4D4E-9693-59E9F54A0290}.Debug|x86.Build.0 = Debug|Win32
		{8EA2962F-87E7-4D4E-9693-59E9F54A0290}.Release|Any CPU.ActiveCfg = Release|x64
		{8EA2962F-87E7-4D4E-9693-59E9F54A0290}.Release|Any CPU.Build.0 = Release|x64
		{8EA2962F-87E7-4D4E-9693-59E9F54A0290}.Release|ARM64.ActiveCfg = Release|ARM64
		{8EA2962F-87E7-4D4E-9693-59E9F54A0290}.Release|ARM64.Build.0 = Release|ARM64
		{8EA2962F-87E7-4D4E-9693-59E9F54A0290}.Release|x64.ActiveCfg = Release|x64
		{8EA2962F-87E7-4D4E-9693-59E9F54A0290}.Release|x64.Build.0 = Release|x64
		{8EA2962F-87E7-4D4E-9693-59E9F54A0290}.Release|x86.ActiveCfg = Release|Win32
		{8EA2962F-87E7-4D4E-9693-59E9F54A0290}.Release|x86.Build.0 = Release|Win32
		{349A4A66-4618-4C96-9CB1-771C01655CE4}.Debug|Any CPU.ActiveCfg = Debug|x64
		{349A4A66-4618-4C96-9CB1-771C01655CE4}.Debug|Any CPU.Build.0 = Debug|x64
		{349A4A66-4618-4C96-9CB1-771C01655CE4}.Debug|Any CPU.Deploy.0 = Debug|x64
		{349A4A66-4618-4C96-9CB1-771C01655CE4}.Debug|ARM64.ActiveCfg = Debug|ARM64
		{349A4A66-4618-4C96-9CB1-771C01655CE4}.Debug|ARM64.Build.0 = Debug|ARM64
		{349A4A66-4618-4C96-9CB1-771C01655CE4}.Debug|ARM64.Deploy.0 = Debug|ARM64
		{349A4A66-4618-4C96-9CB1-771C01655CE4}.Debug|x64.ActiveCfg = Debug|x64
		{349A4A66-4618-4C96-9CB1-771C01655CE4}.Debug|x64.Build.0 = Debug|x64
		{349A4A66-4618-4C96-9CB1-771C01655CE4}.Debug|x64.Deploy.0 = Debug|x64
		{349A4A66-4618-4C96-9CB1-771C01655CE4}.Debug|x86.ActiveCfg = Debug|Win32
		{349A4A66-4618-4C96-9CB1-771C01655CE4}.Debug|x86.Build.0 = Debug|Win32
		{349A4A66-4618-4C96-9CB1-771C01655CE4}.Debug|x86.Deploy.0 = Debug|Win32
		{349A4A66-4618-4C96-9CB1-771C01655CE4}.Release|Any CPU.ActiveCfg = Release|x64
		{349A4A66-4618-4C96-9CB1-771C01655CE4}.Release|Any CPU.Build.0 = Release|x64
		{349A4A66-4618-4C96-9CB1-771C01655CE4}.Release|Any CPU.Deploy.0 = Release|x64
		{349A4A66-4618-4C96-9CB1-771C01655CE4}.Release|ARM64.ActiveCfg = Release|ARM64
		{349A4A66-4618-4C96-9CB1-771C01655CE4}.Release|ARM64.Build.0 = Release|ARM64
		{349A4A66-4618-4C96-9CB1-771C01655CE4}.Release|ARM64.Deploy.0 = Release|ARM64
		{349A4A66-4618-4C96-9CB1-771C01655CE4}.Release|x64.ActiveCfg = Release|x64
		{349A4A66-4618-4C96-9CB1-771C01655CE4}.Release|x64.Build.0 = Release|x64
		{349A4A66-4618-4C96-9CB1-771C01655CE4}.Release|x64.Deploy.0 = Release|x64
		{349A4A66-4618-4C96-9CB1-771C01655CE4}.Release|x86.ActiveCfg = Release|Win32
		{349A4A66-4618-4C96-9CB1-771C01655CE4}.Release|x86.Build.0 = Release|Win32
		{349A4A66-4618-4C96-9CB1-771C01655CE4}.Release|x86.Deploy.0 = Release|Win32
	EndGlobalSection
	GlobalSection(SolutionProperties) = preSolution
		HideSolutionNode = FALSE
	EndGlobalSection
	GlobalSection(ExtensibilityGlobals) = postSolution
		SolutionGuid = {47529923-6066-4DBA-B47E-0010996B787B}
	EndGlobalSection
EndGlobal
